// !$*UTF8*$!
{
	archiveVersion = 1;
	classes = {
	};
	objectVersion = 46;
	objects = {

/* Begin PBXBuildFile section */
		889475411FD0672F003E144E /* AppDelegate.swift in Sources */ = {isa = PBXBuildFile; fileRef = 889475401FD0672F003E144E /* AppDelegate.swift */; };
		889475431FD0672F003E144E /* ViewController.swift in Sources */ = {isa = PBXBuildFile; fileRef = 889475421FD0672F003E144E /* ViewController.swift */; };
		889475461FD0672F003E144E /* Main.storyboard in Resources */ = {isa = PBXBuildFile; fileRef = 889475441FD0672F003E144E /* Main.storyboard */; };
		889475491FD0672F003E144E /* fA2.xcdatamodeld in Sources */ = {isa = PBXBuildFile; fileRef = 889475471FD0672F003E144E /* fA2.xcdatamodeld */; };
		8894754B1FD0672F003E144E /* Assets.xcassets in Resources */ = {isa = PBXBuildFile; fileRef = 8894754A1FD0672F003E144E /* Assets.xcassets */; };
		8894754E1FD0672F003E144E /* LaunchScreen.storyboard in Resources */ = {isa = PBXBuildFile; fileRef = 8894754C1FD0672F003E144E /* LaunchScreen.storyboard */; };
		CAB4AD401FD70FA400CBCF1B /* RootPageViewController.swift in Sources */ = {isa = PBXBuildFile; fileRef = CAB4AD3F1FD70FA400CBCF1B /* RootPageViewController.swift */; };
/* End PBXBuildFile section */

/* Begin PBXFileReference section */
		8894753D1FD0672F003E144E /* fA2.app */ = {isa = PBXFileReference; explicitFileType = wrapper.application; includeInIndex = 0; path = fA2.app; sourceTree = BUILT_PRODUCTS_DIR; };
		889475401FD0672F003E144E /* AppDelegate.swift */ = {isa = PBXFileReference; lastKnownFileType = sourcecode.swift; path = AppDelegate.swift; sourceTree = "<group>"; };
		889475421FD0672F003E144E /* ViewController.swift */ = {isa = PBXFileReference; lastKnownFileType = sourcecode.swift; path = ViewController.swift; sourceTree = "<group>"; };
		889475451FD0672F003E144E /* Base */ = {isa = PBXFileReference; lastKnownFileType = file.storyboard; name = Base; path = Base.lproj/Main.storyboard; sourceTree = "<group>"; };
		889475481FD0672F003E144E /* fA2.xcdatamodel */ = {isa = PBXFileReference; lastKnownFileType = wrapper.xcdatamodel; path = fA2.xcdatamodel; sourceTree = "<group>"; };
		8894754A1FD0672F003E144E /* Assets.xcassets */ = {isa = PBXFileReference; lastKnownFileType = folder.assetcatalog; path = Assets.xcassets; sourceTree = "<group>"; };
		8894754D1FD0672F003E144E /* Base */ = {isa = PBXFileReference; lastKnownFileType = file.storyboard; name = Base; path = Base.lproj/LaunchScreen.storyboard; sourceTree = "<group>"; };
		8894754F1FD0672F003E144E /* Info.plist */ = {isa = PBXFileReference; lastKnownFileType = text.plist.xml; path = Info.plist; sourceTree = "<group>"; };
		CAB4AD3F1FD70FA400CBCF1B /* RootPageViewController.swift */ = {isa = PBXFileReference; fileEncoding = 4; lastKnownFileType = sourcecode.swift; path = RootPageViewController.swift; sourceTree = "<group>"; };
/* End PBXFileReference section */

/* Begin PBXFrameworksBuildPhase section */
		8894753A1FD0672F003E144E /* Frameworks */ = {
			isa = PBXFrameworksBuildPhase;
			buildActionMask = 2147483647;
			files = (
			);
			runOnlyForDeploymentPostprocessing = 0;
		};
/* End PBXFrameworksBuildPhase section */

/* Begin PBXGroup section */
		889475341FD0672F003E144E = {
			isa = PBXGroup;
			children = (
				8894753F1FD0672F003E144E /* fA2 */,
				8894753E1FD0672F003E144E /* Products */,
			);
			sourceTree = "<group>";
		};
		8894753E1FD0672F003E144E /* Products */ = {
			isa = PBXGroup;
			children = (
				8894753D1FD0672F003E144E /* fA2.app */,
			);
			name = Products;
			sourceTree = "<group>";
		};
		8894753F1FD0672F003E144E /* fA2 */ = {
			isa = PBXGroup;
			children = (
				CAB4AD3F1FD70FA400CBCF1B /* RootPageViewController.swift */,
				889475401FD0672F003E144E /* AppDelegate.swift */,
				889475421FD0672F003E144E /* ViewController.swift */,
				889475441FD0672F003E144E /* Main.storyboard */,
				8894754A1FD0672F003E144E /* Assets.xcassets */,
				8894754C1FD0672F003E144E /* LaunchScreen.storyboard */,
				8894754F1FD0672F003E144E /* Info.plist */,
				889475471FD0672F003E144E /* fA2.xcdatamodeld */,
			);
			path = fA2;
			sourceTree = "<group>";
		};
/* End PBXGroup section */

/* Begin PBXNativeTarget section */
		8894753C1FD0672F003E144E /* fA2 */ = {
			isa = PBXNativeTarget;
			buildConfigurationList = 889475521FD0672F003E144E /* Build configuration list for PBXNativeTarget "fA2" */;
			buildPhases = (
				889475391FD0672F003E144E /* Sources */,
				8894753A1FD0672F003E144E /* Frameworks */,
				8894753B1FD0672F003E144E /* Resources */,
			);
			buildRules = (
			);
			dependencies = (
			);
			name = fA2;
			productName = fA2;
			productReference = 8894753D1FD0672F003E144E /* fA2.app */;
			productType = "com.apple.product-type.application";
		};
/* End PBXNativeTarget section */

/* Begin PBXProject section */
		889475351FD0672F003E144E /* Project object */ = {
			isa = PBXProject;
			attributes = {
				LastSwiftUpdateCheck = 0830;
				LastUpgradeCheck = 0910;
				ORGANIZATIONNAME = branandnoah;
				TargetAttributes = {
					8894753C1FD0672F003E144E = {
						CreatedOnToolsVersion = 8.3.3;
						DevelopmentTeam = P6496GJCUZ;
						LastSwiftMigration = 0910;
						ProvisioningStyle = Automatic;
					};
				};
			};
			buildConfigurationList = 889475381FD0672F003E144E /* Build configuration list for PBXProject "fA2" */;
			compatibilityVersion = "Xcode 3.2";
			developmentRegion = English;
			hasScannedForEncodings = 0;
			knownRegions = (
				en,
				Base,
			);
			mainGroup = 889475341FD0672F003E144E;
			productRefGroup = 8894753E1FD0672F003E144E /* Products */;
			projectDirPath = "";
			projectRoot = "";
			targets = (
				8894753C1FD0672F003E144E /* fA2 */,
			);
		};
/* End PBXProject section */

/* Begin PBXResourcesBuildPhase section */
		8894753B1FD0672F003E144E /* Resources */ = {
			isa = PBXResourcesBuildPhase;
			buildActionMask = 2147483647;
			files = (
				8894754E1FD0672F003E144E /* LaunchScreen.storyboard in Resources */,
				8894754B1FD0672F003E144E /* Assets.xcassets in Resources */,
				889475461FD0672F003E144E /* Main.storyboard in Resources */,
			);
			runOnlyForDeploymentPostprocessing = 0;
		};
/* End PBXResourcesBuildPhase section */

/* Begin PBXSourcesBuildPhase section */
		889475391FD0672F003E144E /* Sources */ = {
			isa = PBXSourcesBuildPhase;
			buildActionMask = 2147483647;
			files = (
				889475431FD0672F003E144E /* ViewController.swift in Sources */,
				889475491FD0672F003E144E /* fA2.xcdatamodeld in Sources */,
				889475411FD0672F003E144E /* AppDelegate.swift in Sources */,
				CAB4AD401FD70FA400CBCF1B /* RootPageViewController.swift in Sources */,
			);
			runOnlyForDeploymentPostprocessing = 0;
		};
/* End PBXSourcesBuildPhase section */

/* Begin PBXVariantGroup section */
		889475441FD0672F003E144E /* Main.storyboard */ = {
			isa = PBXVariantGroup;
			children = (
				889475451FD0672F003E144E /* Base */,
			);
			name = Main.storyboard;
			sourceTree = "<group>";
		};
		8894754C1FD0672F003E144E /* LaunchScreen.storyboard */ = {
			isa = PBXVariantGroup;
			children = (
				8894754D1FD0672F003E144E /* Base */,
			);
			name = LaunchScreen.storyboard;
			sourceTree = "<group>";
		};
/* End PBXVariantGroup section */

/* Begin XCBuildConfiguration section */
		889475501FD0672F003E144E /* Debug */ = {
			isa = XCBuildConfiguration;
			buildSettings = {
				ALWAYS_SEARCH_USER_PATHS = NO;
				CLANG_ANALYZER_NONNULL = YES;
				CLANG_ANALYZER_NUMBER_OBJECT_CONVERSION = YES_AGGRESSIVE;
				CLANG_CXX_LANGUAGE_STANDARD = "gnu++0x";
				CLANG_CXX_LIBRARY = "libc++";
				CLANG_ENABLE_MODULES = YES;
				CLANG_ENABLE_OBJC_ARC = YES;
				CLANG_WARN_BLOCK_CAPTURE_AUTORELEASING = YES;
				CLANG_WARN_BOOL_CONVERSION = YES;
				CLANG_WARN_COMMA = YES;
				CLANG_WARN_CONSTANT_CONVERSION = YES;
				CLANG_WARN_DIRECT_OBJC_ISA_USAGE = YES_ERROR;
				CLANG_WARN_DOCUMENTATION_COMMENTS = YES;
				CLANG_WARN_EMPTY_BODY = YES;
				CLANG_WARN_ENUM_CONVERSION = YES;
				CLANG_WARN_INFINITE_RECURSION = YES;
				CLANG_WARN_INT_CONVERSION = YES;
				CLANG_WARN_NON_LITERAL_NULL_CONVERSION = YES;
				CLANG_WARN_OBJC_LITERAL_CONVERSION = YES;
				CLANG_WARN_OBJC_ROOT_CLASS = YES_ERROR;
				CLANG_WARN_RANGE_LOOP_ANALYSIS = YES;
				CLANG_WARN_STRICT_PROTOTYPES = YES;
				CLANG_WARN_SUSPICIOUS_MOVE = YES;
				CLANG_WARN_UNREACHABLE_CODE = YES;
				CLANG_WARN__DUPLICATE_METHOD_MATCH = YES;
				"CODE_SIGN_IDENTITY[sdk=iphoneos*]" = "iPhone Developer";
				COPY_PHASE_STRIP = NO;
				DEBUG_INFORMATION_FORMAT = dwarf;
				ENABLE_STRICT_OBJC_MSGSEND = YES;
				ENABLE_TESTABILITY = YES;
				GCC_C_LANGUAGE_STANDARD = gnu99;
				GCC_DYNAMIC_NO_PIC = NO;
				GCC_NO_COMMON_BLOCKS = YES;
				GCC_OPTIMIZATION_LEVEL = 0;
				GCC_PREPROCESSOR_DEFINITIONS = (
					"DEBUG=1",
					"$(inherited)",
				);
				GCC_WARN_64_TO_32_BIT_CONVERSION = YES;
				GCC_WARN_ABOUT_RETURN_TYPE = YES_ERROR;
				GCC_WARN_UNDECLARED_SELECTOR = YES;
				GCC_WARN_UNINITIALIZED_AUTOS = YES_AGGRESSIVE;
				GCC_WARN_UNUSED_FUNCTION = YES;
				GCC_WARN_UNUSED_VARIABLE = YES;
				IPHONEOS_DEPLOYMENT_TARGET = 10.3;
				MTL_ENABLE_DEBUG_INFO = YES;
				ONLY_ACTIVE_ARCH = YES;
				SDKROOT = iphoneos;
				SWIFT_ACTIVE_COMPILATION_CONDITIONS = DEBUG;
				SWIFT_OPTIMIZATION_LEVEL = "-Onone";
				TARGETED_DEVICE_FAMILY = "1,2";
			};
			name = Debug;
		};
		889475511FD0672F003E144E /* Release */ = {
			isa = XCBuildConfiguration;
			buildSettings = {
				ALWAYS_SEARCH_USER_PATHS = NO;
				CLANG_ANALYZER_NONNULL = YES;
				CLANG_ANALYZER_NUMBER_OBJECT_CONVERSION = YES_AGGRESSIVE;
				CLANG_CXX_LANGUAGE_STANDARD = "gnu++0x";
				CLANG_CXX_LIBRARY = "libc++";
				CLANG_ENABLE_MODULES = YES;
				CLANG_ENABLE_OBJC_ARC = YES;
				CLANG_WARN_BLOCK_CAPTURE_AUTORELEASING = YES;
				CLANG_WARN_BOOL_CONVERSION = YES;
				CLANG_WARN_COMMA = YES;
				CLANG_WARN_CONSTANT_CONVERSION = YES;
				CLANG_WARN_DIRECT_OBJC_ISA_USAGE = YES_ERROR;
				CLANG_WARN_DOCUMENTATION_COMMENTS = YES;
				CLANG_WARN_EMPTY_BODY = YES;
				CLANG_WARN_ENUM_CONVERSION = YES;
				CLANG_WARN_INFINITE_RECURSION = YES;
				CLANG_WARN_INT_CONVERSION = YES;
				CLANG_WARN_NON_LITERAL_NULL_CONVERSION = YES;
				CLANG_WARN_OBJC_LITERAL_CONVERSION = YES;
				CLANG_WARN_OBJC_ROOT_CLASS = YES_ERROR;
				CLANG_WARN_RANGE_LOOP_ANALYSIS = YES;
				CLANG_WARN_STRICT_PROTOTYPES = YES;
				CLANG_WARN_SUSPICIOUS_MOVE = YES;
				CLANG_WARN_UNREACHABLE_CODE = YES;
				CLANG_WARN__DUPLICATE_METHOD_MATCH = YES;
				"CODE_SIGN_IDENTITY[sdk=iphoneos*]" = "iPhone Developer";
				COPY_PHASE_STRIP = NO;
				DEBUG_INFORMATION_FORMAT = "dwarf-with-dsym";
				ENABLE_NS_ASSERTIONS = NO;
				ENABLE_STRICT_OBJC_MSGSEND = YES;
				GCC_C_LANGUAGE_STANDARD = gnu99;
				GCC_NO_COMMON_BLOCKS = YES;
				GCC_WARN_64_TO_32_BIT_CONVERSION = YES;
				GCC_WARN_ABOUT_RETURN_TYPE = YES_ERROR;
				GCC_WARN_UNDECLARED_SELECTOR = YES;
				GCC_WARN_UNINITIALIZED_AUTOS = YES_AGGRESSIVE;
				GCC_WARN_UNUSED_FUNCTION = YES;
				GCC_WARN_UNUSED_VARIABLE = YES;
				IPHONEOS_DEPLOYMENT_TARGET = 10.3;
				MTL_ENABLE_DEBUG_INFO = NO;
				SDKROOT = iphoneos;
				SWIFT_OPTIMIZATION_LEVEL = "-Owholemodule";
				TARGETED_DEVICE_FAMILY = "1,2";
				VALIDATE_PRODUCT = YES;
			};
			name = Release;
		};
		889475531FD0672F003E144E /* Debug */ = {
			isa = XCBuildConfiguration;
			buildSettings = {
				ASSETCATALOG_COMPILER_APPICON_NAME = AppIcon;
				DEVELOPMENT_TEAM = P6496GJCUZ;
				INFOPLIST_FILE = fA2/Info.plist;
				LD_RUNPATH_SEARCH_PATHS = "$(inherited) @executable_path/Frameworks";
				PRODUCT_BUNDLE_IDENTIFIER = branandnoah.fA2;
				PRODUCT_NAME = "$(TARGET_NAME)";
				SWIFT_SWIFT3_OBJC_INFERENCE = On;
				SWIFT_VERSION = 4.0;
			};
			name = Debug;
		};
		889475541FD0672F003E144E /* Release */ = {
			isa = XCBuildConfiguration;
			buildSettings = {
				ASSETCATALOG_COMPILER_APPICON_NAME = AppIcon;
				DEVELOPMENT_TEAM = P6496GJCUZ;
				INFOPLIST_FILE = fA2/Info.plist;
				LD_RUNPATH_SEARCH_PATHS = "$(inherited) @executable_path/Frameworks";
				PRODUCT_BUNDLE_IDENTIFIER = branandnoah.fA2;
				PRODUCT_NAME = "$(TARGET_NAME)";
				SWIFT_SWIFT3_OBJC_INFERENCE = On;
				SWIFT_VERSION = 4.0;
			};
			name = Release;
		};
/* End XCBuildConfiguration section */

/* Begin XCConfigurationList section */
		889475381FD0672F003E144E /* Build configuration list for PBXProject "fA2" */ = {
			isa = XCConfigurationList;
			buildConfigurations = (
				889475501FD0672F003E144E /* Debug */,
				889475511FD0672F003E144E /* Release */,
			);
			defaultConfigurationIsVisible = 0;
			defaultConfigurationName = Release;
		};
		889475521FD0672F003E144E /* Build configuration list for PBXNativeTarget "fA2" */ = {
			isa = XCConfigurationList;
			buildConfigurations = (
				889475531FD0672F003E144E /* Debug */,
				889475541FD0672F003E144E /* Release */,
			);
			defaultConfigurationIsVisible = 0;
			defaultConfigurationName = Release;
		};
/* End XCConfigurationList section */

/* Begin XCVersionGroup section */
		889475471FD0672F003E144E /* fA2.xcdatamodeld */ = {
			isa = XCVersionGroup;
			children = (
				889475481FD0672F003E144E /* fA2.xcdatamodel */,
			);
			currentVersion = 889475481FD0672F003E144E /* fA2.xcdatamodel */;
			path = fA2.xcdatamodeld;
			sourceTree = "<group>";
			versionGroupType = wrapper.xcdatamodel;
		};
/* End XCVersionGroup section */
	};
	rootObject = 889475351FD0672F003E144E /* Project object */;
}
